
Microsoft Visual Studio Solution File, Format Version 12.00
# Visual Studio Version 17
VisualStudioVersion = 17.2.32630.192
MinimumVisualStudioVersion = 10.0.40219.1
Project("{9A19103F-16F7-4668-BE54-9A1E7A4F7556}") = "R5T.T0180", "R5T.T0180\R5T.T0180.csproj", "{39C129C6-AD4E-4D3D-97C3-09EDC2C19596}"
EndProject
Global
	GlobalSection(SolutionConfigurationPlatforms) = preSolution
		Debug|Any CPU = Debug|Any CPU
		Release|Any CPU = Release|Any CPU
	EndGlobalSection
	GlobalSection(ProjectConfigurationPlatforms) = postSolution
		{39C129C6-AD4E-4D3D-97C3-09EDC2C19596}.Debug|Any CPU.ActiveCfg = Debug|Any CPU
		{39C129C6-AD4E-4D3D-97C3-09EDC2C19596}.Debug|Any CPU.Build.0 = Debug|Any CPU
		{39C129C6-AD4E-4D3D-97C3-09EDC2C19596}.Release|Any CPU.ActiveCfg = Release|Any CPU
		{39C129C6-AD4E-4D3D-97C3-09EDC2C19596}.Release|Any CPU.Build.0 = Release|Any CPU
	EndGlobalSection
	GlobalSection(SolutionProperties) = preSolution
		HideSolutionNode = FALSE
	EndGlobalSection
	GlobalSection(ExtensibilityGlobals) = postSolution
		SolutionGuid = {F7B0FAFA-DAAE-409A-827C-4607D065BC55}
	EndGlobalSection
EndGlobal
